
Microsoft Visual Studio Solution File, Format Version 12.00
# Visual Studio Version 17
VisualStudioVersion = 17.6.33723.286
MinimumVisualStudioVersion = 10.0.40219.1
Project("{FAE04EC0-301F-11D3-BF4B-00C04F79EFBC}") = "GeneratingNumbers", "GeneratingNumbers\GeneratingNumbers.csproj", "{23038189-174C-4554-95CC-F79C3F5FA99A}"
EndProject
Global
	GlobalSection(SolutionConfigurationPlatforms) = preSolution
		Debug|Any CPU = Debug|Any CPU
		Release|Any CPU = Release|Any CPU
	EndGlobalSection
	GlobalSection(ProjectConfigurationPlatforms) = postSolution
		{23038189-174C-4554-95CC-F79C3F5FA99A}.Debug|Any CPU.ActiveCfg = Debug|Any CPU
		{23038189-174C-4554-95CC-F79C3F5FA99A}.Debug|Any CPU.Build.0 = Debug|Any CPU
		{23038189-174C-4554-95CC-F79C3F5FA99A}.Release|Any CPU.ActiveCfg = Release|Any CPU
		{23038189-174C-4554-95CC-F79C3F5FA99A}.Release|Any CPU.Build.0 = Release|Any CPU
	EndGlobalSection
	GlobalSection(SolutionProperties) = preSolution
		HideSolutionNode = FALSE
	EndGlobalSection
	GlobalSection(ExtensibilityGlobals) = postSolution
		SolutionGuid = {A7D35FA7-AC22-44B6-98A7-CA03108EAA4B}
	EndGlobalSection
EndGlobal
